
Microsoft Visual Studio Solution File, Format Version 12.00
# Visual Studio Version 16
VisualStudioVersion = 16.0.34031.81
MinimumVisualStudioVersion = 10.0.40219.1
Project("{2150E333-8FDC-42A3-9474-1A3956D46DE8}") = "Task0", "Task0", "{33784375-1543-4395-AB5D-E81F8B43D56B}"
EndProject
Project("{FAE04EC0-301F-11D3-BF4B-00C04F79EFBC}") = "Tyuiu.KonovalovaAO.Sprint1.Task0.V0", "Tyuiu.KonovalovaAO.Sprint1.Task0.V0\Tyuiu.KonovalovaAO.Sprint1.Task0.V0.csproj", "{C4921B40-D90A-46F8-A688-E61D8B8D08F3}"
EndProject
Project("{FAE04EC0-301F-11D3-BF4B-00C04F79EFBC}") = "Tyuiu.KonovalovaAO.Sprint1.Task0.V0.lib", "Tyuiu.KonovalovaAO.Sprint1.Task0.V0.lib\Tyuiu.KonovalovaAO.Sprint1.Task0.V0.lib.csproj", "{B5EB2F40-9F51-4093-9770-68BA9354BC72}"
EndProject
Project("{FAE04EC0-301F-11D3-BF4B-00C04F79EFBC}") = "Tyuiu.KonovalovaAO.Sprint1.Task0.V0.Test", "Tyuiu.KonovalovaAO.Sprint1.Task0.V0.Test\Tyuiu.KonovalovaAO.Sprint1.Task0.V0.Test.csproj", "{FD4589F6-43FC-4023-A54B-56D6C633F465}"
EndProject
Global
	GlobalSection(SolutionConfigurationPlatforms) = preSolution
		Debug|Any CPU = Debug|Any CPU
		Release|Any CPU = Release|Any CPU
	EndGlobalSection
	GlobalSection(ProjectConfigurationPlatforms) = postSolution
		{C4921B40-D90A-46F8-A688-E61D8B8D08F3}.Debug|Any CPU.ActiveCfg = Debug|Any CPU
		{C4921B40-D90A-46F8-A688-E61D8B8D08F3}.Debug|Any CPU.Build.0 = Debug|Any CPU
		{C4921B40-D90A-46F8-A688-E61D8B8D08F3}.Release|Any CPU.ActiveCfg = Release|Any CPU
		{C4921B40-D90A-46F8-A688-E61D8B8D08F3}.Release|Any CPU.Build.0 = Release|Any CPU
		{B5EB2F40-9F51-4093-9770-68BA9354BC72}.Debug|Any CPU.ActiveCfg = Debug|Any CPU
		{B5EB2F40-9F51-4093-9770-68BA9354BC72}.Debug|Any CPU.Build.0 = Debug|Any CPU
		{B5EB2F40-9F51-4093-9770-68BA9354BC72}.Release|Any CPU.ActiveCfg = Release|Any CPU
		{B5EB2F40-9F51-4093-9770-68BA9354BC72}.Release|Any CPU.Build.0 = Release|Any CPU
		{FD4589F6-43FC-4023-A54B-56D6C633F465}.Debug|Any CPU.ActiveCfg = Debug|Any CPU
		{FD4589F6-43FC-4023-A54B-56D6C633F465}.Debug|Any CPU.Build.0 = Debug|Any CPU
		{FD4589F6-43FC-4023-A54B-56D6C633F465}.Release|Any CPU.ActiveCfg = Release|Any CPU
		{FD4589F6-43FC-4023-A54B-56D6C633F465}.Release|Any CPU.Build.0 = Release|Any CPU
	EndGlobalSection
	GlobalSection(SolutionProperties) = preSolution
		HideSolutionNode = FALSE
	EndGlobalSection
	GlobalSection(NestedProjects) = preSolution
		{C4921B40-D90A-46F8-A688-E61D8B8D08F3} = {33784375-1543-4395-AB5D-E81F8B43D56B}
		{B5EB2F40-9F51-4093-9770-68BA9354BC72} = {33784375-1543-4395-AB5D-E81F8B43D56B}
		{FD4589F6-43FC-4023-A54B-56D6C633F465} = {33784375-1543-4395-AB5D-E81F8B43D56B}
	EndGlobalSection
	GlobalSection(ExtensibilityGlobals) = postSolution
		SolutionGuid = {A65D45DD-BF97-4CD0-8DC9-0530F6EB656A}
	EndGlobalSection
EndGlobal
