
Microsoft Visual Studio Solution File, Format Version 12.00
# Visual Studio Version 16
VisualStudioVersion = 16.0.34031.81
MinimumVisualStudioVersion = 10.0.40219.1
Project("{2150E333-8FDC-42A3-9474-1A3956D46DE8}") = "Task0", "Task0", "{33784375-1543-4395-AB5D-E81F8B43D56B}"
EndProject
Project("{FAE04EC0-301F-11D3-BF4B-00C04F79EFBC}") = "Tyuiu.KonovalovaAO.Sprint1.Task0.V17", "Tyuiu.KonovalovaAO.Sprint1.Task0.V0\Tyuiu.KonovalovaAO.Sprint1.Task0.V17.csproj", "{C4921B40-D90A-46F8-A688-E61D8B8D08F3}"
EndProject
Project("{FAE04EC0-301F-11D3-BF4B-00C04F79EFBC}") = "Tyuiu.KonovalovaAO.Sprint1.Task0.V17.lib", "Tyuiu.KonovalovaAO.Sprint1.Task0.V0.lib\Tyuiu.KonovalovaAO.Sprint1.Task0.V17.lib.csproj", "{B5EB2F40-9F51-4093-9770-68BA9354BC72}"
EndProject
Project("{FAE04EC0-301F-11D3-BF4B-00C04F79EFBC}") = "Tyuiu.KonovalovaAO.Sprint1.Task0.V17.Test", "Tyuiu.KonovalovaAO.Sprint1.Task0.V0.Test\Tyuiu.KonovalovaAO.Sprint1.Task0.V17.Test.csproj", "{FD4589F6-43FC-4023-A54B-56D6C633F465}"
EndProject
Project("{2150E333-8FDC-42A3-9474-1A3956D46DE8}") = "Task1", "Task1", "{600F970C-093C-43A1-8A00-B67257F690AE}"
EndProject
Project("{FAE04EC0-301F-11D3-BF4B-00C04F79EFBC}") = "Tyuiu.KonovalovaAO.Sprint1.Task1.V12", "Tyuiu.KonovalovaAO.Sprint1.Task1.VV\Tyuiu.KonovalovaAO.Sprint1.Task1.V12.csproj", "{CF8CBA5A-E880-4650-97A4-B8CF25866110}"
EndProject
Project("{FAE04EC0-301F-11D3-BF4B-00C04F79EFBC}") = "Tyuiu.KonovalovaAO.Sprint1.Task1.V12.Test", "Tyuiu.KonovalovaAO.Sprint1.Task1.VV.Test\Tyuiu.KonovalovaAO.Sprint1.Task1.V12.Test.csproj", "{E6B79AE3-92BA-4470-98B0-66B27527F616}"
EndProject
Project("{FAE04EC0-301F-11D3-BF4B-00C04F79EFBC}") = "Tyuiu.KonovalovaAO.Sprint1.Task1.V12.Lib", "Tyuiu.KonovalovaAO.Sprint1.Task1.VV.Lib\Tyuiu.KonovalovaAO.Sprint1.Task1.V12.Lib.csproj", "{3EB63B63-C6EA-4E92-811B-DE517B1CC742}"
EndProject
Project("{2150E333-8FDC-42A3-9474-1A3956D46DE8}") = "Task2", "Task2", "{3DDF5D00-5B56-44BF-88DF-09F91AE9B82C}"
EndProject
Project("{FAE04EC0-301F-11D3-BF4B-00C04F79EFBC}") = "Tyuiu.KonovalovaAO.Sprint1.Task2.V21", "Tyuiu.KonovalovaAO.Sprint1.Task2.V21\Tyuiu.KonovalovaAO.Sprint1.Task2.V21.csproj", "{11746F77-2445-4788-A53E-1A18C922796B}"
EndProject
Project("{FAE04EC0-301F-11D3-BF4B-00C04F79EFBC}") = "Tyuiu.KonovalovaAO.Sprint1.Task2.V21.Lib", "Tyuiu.KonovalovaAO.Sprint1.Task2.V21.Lib\Tyuiu.KonovalovaAO.Sprint1.Task2.V21.Lib.csproj", "{EEA59E98-A2F2-465C-A997-4B55F5268CD5}"
EndProject
Project("{FAE04EC0-301F-11D3-BF4B-00C04F79EFBC}") = "Tyuiu.KonovalovaAO.Sprint1.Task2.V21.Test", "Tyuiu.KonovalovaAO.Sprint1.Task2.V21.Test\Tyuiu.KonovalovaAO.Sprint1.Task2.V21.Test.csproj", "{790357C6-C55C-4A61-ABE7-72C5C34BD6E7}"
EndProject
Project("{2150E333-8FDC-42A3-9474-1A3956D46DE8}") = "Task3", "Task3", "{F2A28804-9D94-4860-8B95-6992E04A4E62}"
EndProject
Project("{FAE04EC0-301F-11D3-BF4B-00C04F79EFBC}") = "Tyuiu.KonovalovaAO.Sprint1.Task3.V18", "Tyuiu.KonovalovaAO.Sprint1.Task3.V18\Tyuiu.KonovalovaAO.Sprint1.Task3.V18.csproj", "{94234E27-272B-4C8C-9D9F-576454F5FFE3}"
EndProject
Project("{FAE04EC0-301F-11D3-BF4B-00C04F79EFBC}") = "Tyuiu.KonovalovaAO.Sprint1.Task3.V18.Lib", "Tyuiu.KonovalovaAO.Sprint1.Task3.V18.Lib\Tyuiu.KonovalovaAO.Sprint1.Task3.V18.Lib.csproj", "{00819A40-52C8-40A7-8525-4988900CFF04}"
EndProject
Project("{FAE04EC0-301F-11D3-BF4B-00C04F79EFBC}") = "Tyuiu.KonovalovaAO.Sprint1.Task3.V18.Test", "Tyuiu.KonovalovaAO.Sprint1.Task3.V18.Test\Tyuiu.KonovalovaAO.Sprint1.Task3.V18.Test.csproj", "{4219ED33-4361-4904-B51F-4838961A0D98}"
EndProject
Project("{2150E333-8FDC-42A3-9474-1A3956D46DE8}") = "Task4", "Task4", "{628B3061-B1BD-428A-B8AD-BA7FBC2F51DB}"
EndProject
Project("{FAE04EC0-301F-11D3-BF4B-00C04F79EFBC}") = "Tyuiu.KonovalovaAO.Sprint1.Task4.v30", "Tyuiu.KonovalovaAO.Sprint1.Task4.v30\Tyuiu.KonovalovaAO.Sprint1.Task4.v30.csproj", "{64E96A72-3EB0-4432-9CBA-152D942A6D51}"
EndProject
Project("{FAE04EC0-301F-11D3-BF4B-00C04F79EFBC}") = "Tyuiu.KonovalovaAO.Sprint1.Task4.v30.Lib", "Tyuiu.KonovalovaAO.Sprint1.Task4.v30.Lib\Tyuiu.KonovalovaAO.Sprint1.Task4.v30.Lib.csproj", "{5448BBC8-D9FF-47ED-A043-27F5A97C8CBA}"
EndProject
Project("{FAE04EC0-301F-11D3-BF4B-00C04F79EFBC}") = "Tyuiu.KonovalovaAO.Sprint1.Task4.v30.Test", "Tyuiu.KonovalovaAO.Sprint1.Task4.v30.Test\Tyuiu.KonovalovaAO.Sprint1.Task4.v30.Test.csproj", "{0E3C6B93-B2C0-46AE-8440-5DACAFA93428}"
EndProject
Project("{2150E333-8FDC-42A3-9474-1A3956D46DE8}") = "Task5", "Task5", "{DD47BDAF-67BA-4294-8B53-9B04AA2583EF}"
EndProject
Project("{2150E333-8FDC-42A3-9474-1A3956D46DE8}") = "Task6", "Task6", "{1CD4B9BC-FD29-4976-945B-F581A853C98F}"
EndProject
Project("{FAE04EC0-301F-11D3-BF4B-00C04F79EFBC}") = "Tyuiu.KonovalovaAO.Sprint1.Task6.V8", "Tyuiu.KonovalovaAO.Sprint1.Task6.V8\Tyuiu.KonovalovaAO.Sprint1.Task6.V8.csproj", "{C16660A0-CCC7-48A1-B91B-08A683A3D3B7}"
EndProject
Project("{FAE04EC0-301F-11D3-BF4B-00C04F79EFBC}") = "Tyuiu.KonovalovaAO.Sprint1.Task6.V8.Lib", "Tyuiu.KonovalovaAO.Sprint1.Task6.V8.Lib\Tyuiu.KonovalovaAO.Sprint1.Task6.V8.Lib.csproj", "{D9D2DEDD-3E73-4E1C-B7ED-8563CB8D9604}"
EndProject
Project("{FAE04EC0-301F-11D3-BF4B-00C04F79EFBC}") = "Tyuiu.KonovalovaAO.Sprint1.Task6.V8.Test", "Tyuiu.KonovalovaAO.Sprint1.Task6.V8.Test\Tyuiu.KonovalovaAO.Sprint1.Task6.V8.Test.csproj", "{FA34D9A3-F0BC-4A93-87A6-D07335A397D9}"
EndProject
Global
	GlobalSection(SolutionConfigurationPlatforms) = preSolution
		Debug|Any CPU = Debug|Any CPU
		Release|Any CPU = Release|Any CPU
	EndGlobalSection
	GlobalSection(ProjectConfigurationPlatforms) = postSolution
		{C4921B40-D90A-46F8-A688-E61D8B8D08F3}.Debug|Any CPU.ActiveCfg = Debug|Any CPU
		{C4921B40-D90A-46F8-A688-E61D8B8D08F3}.Debug|Any CPU.Build.0 = Debug|Any CPU
		{C4921B40-D90A-46F8-A688-E61D8B8D08F3}.Release|Any CPU.ActiveCfg = Release|Any CPU
		{C4921B40-D90A-46F8-A688-E61D8B8D08F3}.Release|Any CPU.Build.0 = Release|Any CPU
		{B5EB2F40-9F51-4093-9770-68BA9354BC72}.Debug|Any CPU.ActiveCfg = Debug|Any CPU
		{B5EB2F40-9F51-4093-9770-68BA9354BC72}.Debug|Any CPU.Build.0 = Debug|Any CPU
		{B5EB2F40-9F51-4093-9770-68BA9354BC72}.Release|Any CPU.ActiveCfg = Release|Any CPU
		{B5EB2F40-9F51-4093-9770-68BA9354BC72}.Release|Any CPU.Build.0 = Release|Any CPU
		{FD4589F6-43FC-4023-A54B-56D6C633F465}.Debug|Any CPU.ActiveCfg = Debug|Any CPU
		{FD4589F6-43FC-4023-A54B-56D6C633F465}.Debug|Any CPU.Build.0 = Debug|Any CPU
		{FD4589F6-43FC-4023-A54B-56D6C633F465}.Release|Any CPU.ActiveCfg = Release|Any CPU
		{FD4589F6-43FC-4023-A54B-56D6C633F465}.Release|Any CPU.Build.0 = Release|Any CPU
		{CF8CBA5A-E880-4650-97A4-B8CF25866110}.Debug|Any CPU.ActiveCfg = Debug|Any CPU
		{CF8CBA5A-E880-4650-97A4-B8CF25866110}.Debug|Any CPU.Build.0 = Debug|Any CPU
		{CF8CBA5A-E880-4650-97A4-B8CF25866110}.Release|Any CPU.ActiveCfg = Release|Any CPU
		{CF8CBA5A-E880-4650-97A4-B8CF25866110}.Release|Any CPU.Build.0 = Release|Any CPU
		{E6B79AE3-92BA-4470-98B0-66B27527F616}.Debug|Any CPU.ActiveCfg = Debug|Any CPU
		{E6B79AE3-92BA-4470-98B0-66B27527F616}.Debug|Any CPU.Build.0 = Debug|Any CPU
		{E6B79AE3-92BA-4470-98B0-66B27527F616}.Release|Any CPU.ActiveCfg = Release|Any CPU
		{E6B79AE3-92BA-4470-98B0-66B27527F616}.Release|Any CPU.Build.0 = Release|Any CPU
		{3EB63B63-C6EA-4E92-811B-DE517B1CC742}.Debug|Any CPU.ActiveCfg = Debug|Any CPU
		{3EB63B63-C6EA-4E92-811B-DE517B1CC742}.Debug|Any CPU.Build.0 = Debug|Any CPU
		{3EB63B63-C6EA-4E92-811B-DE517B1CC742}.Release|Any CPU.ActiveCfg = Release|Any CPU
		{3EB63B63-C6EA-4E92-811B-DE517B1CC742}.Release|Any CPU.Build.0 = Release|Any CPU
		{11746F77-2445-4788-A53E-1A18C922796B}.Debug|Any CPU.ActiveCfg = Debug|Any CPU
		{11746F77-2445-4788-A53E-1A18C922796B}.Debug|Any CPU.Build.0 = Debug|Any CPU
		{11746F77-2445-4788-A53E-1A18C922796B}.Release|Any CPU.ActiveCfg = Release|Any CPU
		{11746F77-2445-4788-A53E-1A18C922796B}.Release|Any CPU.Build.0 = Release|Any CPU
		{EEA59E98-A2F2-465C-A997-4B55F5268CD5}.Debug|Any CPU.ActiveCfg = Debug|Any CPU
		{EEA59E98-A2F2-465C-A997-4B55F5268CD5}.Debug|Any CPU.Build.0 = Debug|Any CPU
		{EEA59E98-A2F2-465C-A997-4B55F5268CD5}.Release|Any CPU.ActiveCfg = Release|Any CPU
		{EEA59E98-A2F2-465C-A997-4B55F5268CD5}.Release|Any CPU.Build.0 = Release|Any CPU
		{790357C6-C55C-4A61-ABE7-72C5C34BD6E7}.Debug|Any CPU.ActiveCfg = Debug|Any CPU
		{790357C6-C55C-4A61-ABE7-72C5C34BD6E7}.Debug|Any CPU.Build.0 = Debug|Any CPU
		{790357C6-C55C-4A61-ABE7-72C5C34BD6E7}.Release|Any CPU.ActiveCfg = Release|Any CPU
		{790357C6-C55C-4A61-ABE7-72C5C34BD6E7}.Release|Any CPU.Build.0 = Release|Any CPU
		{94234E27-272B-4C8C-9D9F-576454F5FFE3}.Debug|Any CPU.ActiveCfg = Debug|Any CPU
		{94234E27-272B-4C8C-9D9F-576454F5FFE3}.Debug|Any CPU.Build.0 = Debug|Any CPU
		{94234E27-272B-4C8C-9D9F-576454F5FFE3}.Release|Any CPU.ActiveCfg = Release|Any CPU
		{94234E27-272B-4C8C-9D9F-576454F5FFE3}.Release|Any CPU.Build.0 = Release|Any CPU
		{00819A40-52C8-40A7-8525-4988900CFF04}.Debug|Any CPU.ActiveCfg = Debug|Any CPU
		{00819A40-52C8-40A7-8525-4988900CFF04}.Debug|Any CPU.Build.0 = Debug|Any CPU
		{00819A40-52C8-40A7-8525-4988900CFF04}.Release|Any CPU.ActiveCfg = Release|Any CPU
		{00819A40-52C8-40A7-8525-4988900CFF04}.Release|Any CPU.Build.0 = Release|Any CPU
		{4219ED33-4361-4904-B51F-4838961A0D98}.Debug|Any CPU.ActiveCfg = Debug|Any CPU
		{4219ED33-4361-4904-B51F-4838961A0D98}.Debug|Any CPU.Build.0 = Debug|Any CPU
		{4219ED33-4361-4904-B51F-4838961A0D98}.Release|Any CPU.ActiveCfg = Release|Any CPU
		{4219ED33-4361-4904-B51F-4838961A0D98}.Release|Any CPU.Build.0 = Release|Any CPU
		{64E96A72-3EB0-4432-9CBA-152D942A6D51}.Debug|Any CPU.ActiveCfg = Debug|Any CPU
		{64E96A72-3EB0-4432-9CBA-152D942A6D51}.Debug|Any CPU.Build.0 = Debug|Any CPU
		{64E96A72-3EB0-4432-9CBA-152D942A6D51}.Release|Any CPU.ActiveCfg = Release|Any CPU
		{64E96A72-3EB0-4432-9CBA-152D942A6D51}.Release|Any CPU.Build.0 = Release|Any CPU
		{5448BBC8-D9FF-47ED-A043-27F5A97C8CBA}.Debug|Any CPU.ActiveCfg = Debug|Any CPU
		{5448BBC8-D9FF-47ED-A043-27F5A97C8CBA}.Debug|Any CPU.Build.0 = Debug|Any CPU
		{5448BBC8-D9FF-47ED-A043-27F5A97C8CBA}.Release|Any CPU.ActiveCfg = Release|Any CPU
		{5448BBC8-D9FF-47ED-A043-27F5A97C8CBA}.Release|Any CPU.Build.0 = Release|Any CPU
		{0E3C6B93-B2C0-46AE-8440-5DACAFA93428}.Debug|Any CPU.ActiveCfg = Debug|Any CPU
		{0E3C6B93-B2C0-46AE-8440-5DACAFA93428}.Debug|Any CPU.Build.0 = Debug|Any CPU
		{0E3C6B93-B2C0-46AE-8440-5DACAFA93428}.Release|Any CPU.ActiveCfg = Release|Any CPU
		{0E3C6B93-B2C0-46AE-8440-5DACAFA93428}.Release|Any CPU.Build.0 = Release|Any CPU
		{C16660A0-CCC7-48A1-B91B-08A683A3D3B7}.Debug|Any CPU.ActiveCfg = Debug|Any CPU
		{C16660A0-CCC7-48A1-B91B-08A683A3D3B7}.Debug|Any CPU.Build.0 = Debug|Any CPU
		{C16660A0-CCC7-48A1-B91B-08A683A3D3B7}.Release|Any CPU.ActiveCfg = Release|Any CPU
		{C16660A0-CCC7-48A1-B91B-08A683A3D3B7}.Release|Any CPU.Build.0 = Release|Any CPU
		{D9D2DEDD-3E73-4E1C-B7ED-8563CB8D9604}.Debug|Any CPU.ActiveCfg = Debug|Any CPU
		{D9D2DEDD-3E73-4E1C-B7ED-8563CB8D9604}.Debug|Any CPU.Build.0 = Debug|Any CPU
		{D9D2DEDD-3E73-4E1C-B7ED-8563CB8D9604}.Release|Any CPU.ActiveCfg = Release|Any CPU
		{D9D2DEDD-3E73-4E1C-B7ED-8563CB8D9604}.Release|Any CPU.Build.0 = Release|Any CPU
		{FA34D9A3-F0BC-4A93-87A6-D07335A397D9}.Debug|Any CPU.ActiveCfg = Debug|Any CPU
		{FA34D9A3-F0BC-4A93-87A6-D07335A397D9}.Debug|Any CPU.Build.0 = Debug|Any CPU
		{FA34D9A3-F0BC-4A93-87A6-D07335A397D9}.Release|Any CPU.ActiveCfg = Release|Any CPU
		{FA34D9A3-F0BC-4A93-87A6-D07335A397D9}.Release|Any CPU.Build.0 = Release|Any CPU
	EndGlobalSection
	GlobalSection(SolutionProperties) = preSolution
		HideSolutionNode = FALSE
	EndGlobalSection
	GlobalSection(NestedProjects) = preSolution
		{C4921B40-D90A-46F8-A688-E61D8B8D08F3} = {33784375-1543-4395-AB5D-E81F8B43D56B}
		{B5EB2F40-9F51-4093-9770-68BA9354BC72} = {33784375-1543-4395-AB5D-E81F8B43D56B}
		{FD4589F6-43FC-4023-A54B-56D6C633F465} = {33784375-1543-4395-AB5D-E81F8B43D56B}
		{CF8CBA5A-E880-4650-97A4-B8CF25866110} = {600F970C-093C-43A1-8A00-B67257F690AE}
		{E6B79AE3-92BA-4470-98B0-66B27527F616} = {600F970C-093C-43A1-8A00-B67257F690AE}
		{3EB63B63-C6EA-4E92-811B-DE517B1CC742} = {600F970C-093C-43A1-8A00-B67257F690AE}
		{11746F77-2445-4788-A53E-1A18C922796B} = {3DDF5D00-5B56-44BF-88DF-09F91AE9B82C}
		{EEA59E98-A2F2-465C-A997-4B55F5268CD5} = {3DDF5D00-5B56-44BF-88DF-09F91AE9B82C}
		{790357C6-C55C-4A61-ABE7-72C5C34BD6E7} = {3DDF5D00-5B56-44BF-88DF-09F91AE9B82C}
		{94234E27-272B-4C8C-9D9F-576454F5FFE3} = {F2A28804-9D94-4860-8B95-6992E04A4E62}
		{00819A40-52C8-40A7-8525-4988900CFF04} = {F2A28804-9D94-4860-8B95-6992E04A4E62}
		{4219ED33-4361-4904-B51F-4838961A0D98} = {F2A28804-9D94-4860-8B95-6992E04A4E62}
		{64E96A72-3EB0-4432-9CBA-152D942A6D51} = {628B3061-B1BD-428A-B8AD-BA7FBC2F51DB}
		{5448BBC8-D9FF-47ED-A043-27F5A97C8CBA} = {628B3061-B1BD-428A-B8AD-BA7FBC2F51DB}
		{0E3C6B93-B2C0-46AE-8440-5DACAFA93428} = {628B3061-B1BD-428A-B8AD-BA7FBC2F51DB}
		{C16660A0-CCC7-48A1-B91B-08A683A3D3B7} = {1CD4B9BC-FD29-4976-945B-F581A853C98F}
		{D9D2DEDD-3E73-4E1C-B7ED-8563CB8D9604} = {1CD4B9BC-FD29-4976-945B-F581A853C98F}
		{FA34D9A3-F0BC-4A93-87A6-D07335A397D9} = {1CD4B9BC-FD29-4976-945B-F581A853C98F}
	EndGlobalSection
	GlobalSection(ExtensibilityGlobals) = postSolution
		SolutionGuid = {A65D45DD-BF97-4CD0-8DC9-0530F6EB656A}
	EndGlobalSection
EndGlobal
